<?xml version="1.0" encoding="utf-8"?>
<Project ToolsVersion="4.0" xmlns="http://schemas.microsoft.com/developer/msbuild/2003">
  <ItemGroup>
    <Filter Include="Source Files">
      <UniqueIdentifier>{4FC737F1-C7A5-4376-A066-2A32D752A2FF}</UniqueIdentifier>
      <Extensions>cpp;c;cc;cxx;c++;def;odl;idl;hpj;bat;asm;asmx</Extensions>
    </Filter>
    <Filter Include="Header Files">
      <UniqueIdentifier>{93995380-89BD-4b04-88EB-625FBE52EBFB}</UniqueIdentifier>
      <Extensions>h;hh;hpp;hxx;h++;hm;inl;inc;ipp;xsd</Extensions>
    </Filter>
    <Filter Include="Resource Files">
      <UniqueIdentifier>{67DA6AB6-F800-4c08-8B7A-83BB121AAD01}</UniqueIdentifier>
      <Extensions>rc;ico;cur;bmp;dlg;rc2;rct;bin;rgs;gif;jpg;jpeg;jpe;resx;tiff;tif;png;wav;mfcribbon-ms</Extensions>
    </Filter>
    <Filter Include="HLSL">
      <UniqueIdentifier>{b519ef85-4d9c-4eaa-a586-23bce7c78df2}</UniqueIdentifier>
    </Filter>
    <Filter Include="Graphics">
      <UniqueIdentifier>{d928ff64-551a-433c-a6c7-66ad4ef542c1}</UniqueIdentifier>
    </Filter>
    <Filter Include="Actors">
      <UniqueIdentifier>{0169cd75-e37d-4bcc-a1b2-302314b52204}</UniqueIdentifier>
    </Filter>
  </ItemGroup>
  <ItemGroup>
    <ClInclude Include="framework.h">
      <Filter>Header Files</Filter>
    </ClInclude>
    <ClInclude Include="pch.h">
      <Filter>Header Files</Filter>
    </ClInclude>
    <ClInclude Include="Algorithm.h">
      <Filter>Header Files</Filter>
    </ClInclude>
    <ClInclude Include="AStar.h">
      <Filter>Header Files</Filter>
    </ClInclude>
    <ClInclude Include="BlendState.h">
      <Filter>Header Files</Filter>
    </ClInclude>
    <ClInclude Include="Buffer.h">
      <Filter>Header Files</Filter>
    </ClInclude>
    <ClInclude Include="Collider.h">
      <Filter>Header Files</Filter>
    </ClInclude>
    <ClInclude Include="Component.h">
      <Filter>Header Files</Filter>
    </ClInclude>
    <ClInclude Include="CubeCollider.h">
      <Filter>Header Files</Filter>
    </ClInclude>
    <ClInclude Include="CustomSTL.h">
      <Filter>Header Files</Filter>
    </ClInclude>
    <ClInclude Include="CylinderMesh.h">
      <Filter>Header Files</Filter>
    </ClInclude>
    <ClInclude Include="DepthStencilState.h">
      <Filter>Header Files</Filter>
    </ClInclude>
    <ClInclude Include="Geometrics.h">
      <Filter>Header Files</Filter>
    </ClInclude>
    <ClInclude Include="LayerMask.h">
      <Filter>Header Files</Filter>
    </ClInclude>
    <ClInclude Include="LineMesh.h">
      <Filter>Header Files</Filter>
    </ClInclude>
    <ClInclude Include="Mesh.h">
      <Filter>Header Files</Filter>
    </ClInclude>
    <ClInclude Include="Network.h">
      <Filter>Header Files</Filter>
    </ClInclude>
    <ClInclude Include="ObjectObsInfo.h">
      <Filter>Header Files</Filter>
    </ClInclude>
    <ClInclude Include="ObjectPool.h">
      <Filter>Header Files</Filter>
    </ClInclude>
    <ClInclude Include="ObserverDP.h">
      <Filter>Header Files</Filter>
    </ClInclude>
    <ClInclude Include="Physic.h">
      <Filter>Header Files</Filter>
    </ClInclude>
    <ClInclude Include="QuadCollider.h">
      <Filter>Header Files</Filter>
    </ClInclude>
    <ClInclude Include="QuadMesh.h">
      <Filter>Header Files</Filter>
    </ClInclude>
    <ClInclude Include="RasterizerState.h">
      <Filter>Header Files</Filter>
    </ClInclude>
    <ClInclude Include="Shader.h">
      <Filter>Header Files</Filter>
    </ClInclude>
    <ClInclude Include="ShaderFormat.h">
      <Filter>Header Files</Filter>
    </ClInclude>
    <ClInclude Include="ShaderReg.h">
      <Filter>Header Files</Filter>
    </ClInclude>
    <ClInclude Include="SphereCollider.h">
      <Filter>Header Files</Filter>
    </ClInclude>
    <ClInclude Include="SphereMesh.h">
      <Filter>Header Files</Filter>
    </ClInclude>
    <ClInclude Include="Transform.h">
      <Filter>Header Files</Filter>
    </ClInclude>
    <ClInclude Include="TurnController.h">
      <Filter>Header Files</Filter>
    </ClInclude>
    <ClInclude Include="DXLibExport.h">
      <Filter>Header Files</Filter>
    </ClInclude>
    <ClInclude Include="MathHelper.h">
      <Filter>Header Files</Filter>
    </ClInclude>
    <ClInclude Include="CubeMesh.h">
      <Filter>Header Files</Filter>
    </ClInclude>
    <ClInclude Include="PostProcessing.h">
      <Filter>Header Files</Filter>
    </ClInclude>
    <ClInclude Include="Object.h">
      <Filter>Actors</Filter>
    </ClInclude>
    <ClInclude Include="Vertex.h">
      <Filter>Header Files</Filter>
    </ClInclude>
    <ClInclude Include="resource.h">
      <Filter>Header Files</Filter>
    </ClInclude>
    <ClInclude Include="Graphic.h">
      <Filter>Graphics</Filter>
    </ClInclude>
    <ClInclude Include="WorldGraphic.h">
      <Filter>Graphics</Filter>
    </ClInclude>
    <ClInclude Include="Plot2DGraphic.h">
      <Filter>Graphics</Filter>
    </ClInclude>
    <ClInclude Include="Plot3DGraphic.h">
      <Filter>Graphics</Filter>
    </ClInclude>
    <ClInclude Include="Actor.h">
      <Filter>Actors</Filter>
    </ClInclude>
    <ClInclude Include="Camera.h">
      <Filter>Actors</Filter>
    </ClInclude>
    <ClInclude Include="Light.h">
      <Filter>Actors</Filter>
    </ClInclude>
    <ClInclude Include="Text.h">
      <Filter>Actors</Filter>
    </ClInclude>
    <ClInclude Include="CircleMesh.h">
      <Filter>Header Files</Filter>
    </ClInclude>
  </ItemGroup>
  <ItemGroup>
    <ClCompile Include="dllmain.cpp">
      <Filter>Source Files</Filter>
    </ClCompile>
    <ClCompile Include="pch.cpp">
      <Filter>Source Files</Filter>
    </ClCompile>
    <ClCompile Include="AStar.cpp">
      <Filter>Source Files</Filter>
    </ClCompile>
    <ClCompile Include="BlendState.cpp">
      <Filter>Source Files</Filter>
    </ClCompile>
    <ClCompile Include="Buffer.cpp">
      <Filter>Source Files</Filter>
    </ClCompile>
    <ClCompile Include="Collider.cpp">
      <Filter>Source Files</Filter>
    </ClCompile>
    <ClCompile Include="Component.cpp">
      <Filter>Source Files</Filter>
    </ClCompile>
    <ClCompile Include="CubeCollider.cpp">
      <Filter>Source Files</Filter>
    </ClCompile>
    <ClCompile Include="CustomSTL.cpp">
      <Filter>Source Files</Filter>
    </ClCompile>
    <ClCompile Include="CylinderMesh.cpp">
      <Filter>Source Files</Filter>
    </ClCompile>
    <ClCompile Include="DepthStencilState.cpp">
      <Filter>Source Files</Filter>
    </ClCompile>
    <ClCompile Include="LineMesh.cpp">
      <Filter>Source Files</Filter>
    </ClCompile>
    <ClCompile Include="Mesh.cpp">
      <Filter>Source Files</Filter>
    </ClCompile>
    <ClCompile Include="Physic.cpp">
      <Filter>Source Files</Filter>
    </ClCompile>
    <ClCompile Include="QuadCollider.cpp">
      <Filter>Source Files</Filter>
    </ClCompile>
    <ClCompile Include="QuadMesh.cpp">
      <Filter>Source Files</Filter>
    </ClCompile>
    <ClCompile Include="RasterizerState.cpp">
      <Filter>Source Files</Filter>
    </ClCompile>
    <ClCompile Include="Shader.cpp">
      <Filter>Source Files</Filter>
    </ClCompile>
    <ClCompile Include="SphereCollider.cpp">
      <Filter>Source Files</Filter>
    </ClCompile>
    <ClCompile Include="SphereMesh.cpp">
      <Filter>Source Files</Filter>
    </ClCompile>
    <ClCompile Include="Transform.cpp">
      <Filter>Source Files</Filter>
    </ClCompile>
    <ClCompile Include="MathHelper.cpp">
      <Filter>Source Files</Filter>
    </ClCompile>
    <ClCompile Include="CubeMesh.cpp">
      <Filter>Source Files</Filter>
    </ClCompile>
    <ClCompile Include="PostProcessing.cpp">
      <Filter>Source Files</Filter>
    </ClCompile>
    <ClCompile Include="Object.cpp">
      <Filter>Actors</Filter>
    </ClCompile>
    <ClCompile Include="Vertex.cpp">
      <Filter>Source Files</Filter>
    </ClCompile>
    <ClCompile Include="Graphic.cpp">
      <Filter>Graphics</Filter>
    </ClCompile>
    <ClCompile Include="WorldGraphic.cpp">
      <Filter>Graphics</Filter>
    </ClCompile>
    <ClCompile Include="Plot2DGraphic.cpp">
      <Filter>Graphics</Filter>
    </ClCompile>
    <ClCompile Include="Plot3DGraphic.cpp">
      <Filter>Graphics</Filter>
    </ClCompile>
    <ClCompile Include="Actor.cpp">
      <Filter>Actors</Filter>
    </ClCompile>
    <ClCompile Include="Camera.cpp">
      <Filter>Actors</Filter>
    </ClCompile>
    <ClCompile Include="Light.cpp">
      <Filter>Actors</Filter>
    </ClCompile>
    <ClCompile Include="Text.cpp">
      <Filter>Actors</Filter>
    </ClCompile>
    <ClCompile Include="Geometrics.cpp">
      <Filter>Source Files</Filter>
    </ClCompile>
    <ClCompile Include="CircleMesh.cpp">
      <Filter>Source Files</Filter>
    </ClCompile>
  </ItemGroup>
  <ItemGroup>
    <FxCompile Include="StdPS.hlsl">
      <Filter>HLSL</Filter>
    </FxCompile>
    <FxCompile Include="StdVS.hlsl">
      <Filter>HLSL</Filter>
    </FxCompile>
    <FxCompile Include="Plot2DVS.hlsl">
      <Filter>HLSL</Filter>
    </FxCompile>
    <FxCompile Include="Plot2DPS.hlsl">
      <Filter>HLSL</Filter>
    </FxCompile>
  </ItemGroup>
  <ItemGroup>
    <None Include="ShaderSampPoint.cginc">
      <Filter>HLSL</Filter>
    </None>
    <None Include="ShaderVertex.cginc">
      <Filter>HLSL</Filter>
    </None>
    <None Include="ShaderSampCmpLinearPoint.cginc">
      <Filter>HLSL</Filter>
    </None>
    <None Include="ShaderSampCmpPoint.cginc">
      <Filter>HLSL</Filter>
    </None>
    <None Include="ShaderSampLinear.cginc">
      <Filter>HLSL</Filter>
    </None>
    <None Include="ShaderSampLinearPoint.cginc">
      <Filter>HLSL</Filter>
    </None>
    <None Include="ShaderNormal.cginc">
      <Filter>HLSL</Filter>
    </None>
    <None Include="ShaderReg.cginc">
      <Filter>HLSL</Filter>
    </None>
    <None Include="ShaderSampAniso.cginc">
      <Filter>HLSL</Filter>
    </None>
    <None Include="ShaderInfo.cginc">
      <Filter>HLSL</Filter>
    </None>
    <None Include="ShaderLight.cginc">
      <Filter>HLSL</Filter>
    </None>
    <None Include="ShaderCM.cginc">
      <Filter>HLSL</Filter>
    </None>
    <None Include="Geometrics.cginc">
      <Filter>HLSL</Filter>
    </None>
  </ItemGroup>
  <ItemGroup>
    <Text Include="GPGPU.txt">
      <Filter>Header Files</Filter>
    </Text>
  </ItemGroup>
  <ItemGroup>
    <ResourceCompile Include="DXLib.rc">
      <Filter>Resource Files</Filter>
    </ResourceCompile>
  </ItemGroup>
</Project>